github.com/codesweep-ai/ledger v0.0.0-20260826154712-f3d4cf8989eb h1:txmZ1I7Tb+EidwW9LIVBC4lz+NDKFi5fM87pIwofsBU=
github.com/codesweep-ai/ledger v0.0.0-20260826154712-f3d4cf8989eb/go.mod h1:ATemHF61U2rMp6A68lbXtLRZkX2j7likYWtRAP5Hl6o=
github.com/codesweep-ai/lint v0.0.0-20260826152054-3acef36b8e16 h1:obMSfhyOoYDGBWNdZdyCR9BemCucJtPKPptT6bOy/6k=
github.com/codesweep-ai/lint v0.0.0-20260826152054-3acef36b8e16/go.mod h1:NWhvNuIRW2OylDAwBWTDCYV1SJQF8Lwqyv9CXh+K+yY=
github.com/codesweep-ai/tracer v0.0.0-20260826154852-c266382e4233 h1:/SXKuAuEUIDuRu2zk1uzbC2rWpsmWKnKloP28KNil+Y=
github.com/codesweep-ai/tracer v0.0.0-20260826154852-c266382e4233/go.mod h1:SUJJNt5cqDYfsSyCXU54LX5DPr0CqtO4nL+Lq934XcY=
github.com/codesweep-ai/vcr v0.0.0-20260826160252-bd9e6f2b8ab6 h1:HhCmMgy5eSOi7yIV3rMdvIWxQNh2wuyNsmYyLTRjCig=
github.com/codesweep-ai/vcr v0.0.0-20260826160252-bd9e6f2b8ab6/go.mod h1:bKKOed9iqYRsBePpFDLRji7X6y15X5oXg2uLJPn5ZHc=
github.com/cpuguy83/go-md2man/v2 v2.0.6/go.mod h1:oOW0eioCTA6cOiMLiUPZOpcVxMig6NIQQ7OS05n1F4g=
github.com/inconshreveable/mousetrap v1.1.0 h1:wN+x4NVGpMsO7ErUn/mUI3vEoE6Jt13X2s0bqwp9tc8=
github.com/inconshreveable/mousetrap v1.1.0/go.mod h1:vpF70FUmC8bwa3OWnCshd2FqLfsEA9PFc4w1p2J65bw=
github.com/russross/blackfriday/v2 v2.1.0/go.mod h1:+Rmxgy9KzJVeS9/2gXHxylqXiyQDYRxCVz55jmeOWTM=
github.com/spf13/cobra v1.10.2 h1:DMTTonx5m65Ic0GOoRY2c16WCbHxOOw6xxezuLaBpcU=
github.com/spf13/cobra v1.10.2/go.mod h1:7C1pvHqHw5A4vrJfjNwvOdzYu0Gml16OCs2GRiTUUS4=
github.com/spf13/pflag v1.0.9 h1:9exaQaMOCwffKiiiYk6/BndUBv+iRViNW+4lEMi0PvY=
github.com/spf13/pflag v1.0.9/go.mod h1:McXfInJRrz4CZXVZOBLb0bTZqETkiAhM9Iw0y3An2Bg=
go.yaml.in/yaml/v3 v3.0.4/go.mod h1:DhzuOOF2ATzADvBadXxruRBLzYTpT36CKvDb3+aBEFg=
golang.org/x/mod v0.40.0 h1:hUv+3cXcdRHz08UmSiOob7sadHig73uo5bkXxQ/tvUs=
golang.org/x/mod v0.40.0/go.mod h1:0/weTWkPWGBikyTWAX3dkjVztMmBA5hM0DH6BElSupE=
golang.org/x/sys v0.47.0 h1:o7XGOvZQCADBQQ4Y7VNq2dRWQR7JmOUW8Kxx4ZsNgWs=
golang.org/x/sys v0.47.0/go.mod h1:4GL1E5IUh+htKOUEOaiffhrAeqysfVGipDYzABqnCmw=
golang.org/x/tools v0.49.0 h1:3NI7VXzL9+1WZD52Dx2ttoPwD5DWrFGpl9mFZDlmisI=
golang.org/x/tools v0.49.0/go.mod h1:SJNXV9DBKT0UbdttsQjbfJlAE/q+y36++zo3uL3N0Oo=
gopkg.in/check.v1 v0.0.0-20161208181325-20d25e280405 h1:yhCVgyC4o1eVCa2tZl7eS0r+SDo693bJlVdllGtEeKM=
gopkg.in/check.v1 v0.0.0-20161208181325-20d25e280405/go.mod h1:Co6ibVJAznAaIkqp8huTwlJQCZ016jof/cbN4VW5Yz0=
gopkg.in/yaml.v3 v3.0.1 h1:fxVm/GzAzEWqLHuvctI91KS9hhNmmWOoWu0XTYJS7CA=
gopkg.in/yaml.v3 v3.0.1/go.mod h1:K4uyk7z7BCEPqu6E+C64Yfv1cQ7kz7rIZviUmN+EgEM=
